// !$*UTF8*$!
{
	archiveVersion = 1;
	classes = {
	};
	objectVersion = 46;
	objects = {

/* Begin PBXBuildFile section */
		5BAA74111E5A629400E9C46E /* AppDelegate.swift in Sources */ = {isa = PBXBuildFile; fileRef = 5BAA74101E5A629400E9C46E /* AppDelegate.swift */; };
		5BAA74131E5A629400E9C46E /* ViewController.swift in Sources */ = {isa = PBXBuildFile; fileRef = 5BAA74121E5A629400E9C46E /* ViewController.swift */; };
		5BAA74161E5A629400E9C46E /* Main.storyboard in Resources */ = {isa = PBXBuildFile; fileRef = 5BAA74141E5A629400E9C46E /* Main.storyboard */; };
		5BAA74181E5A629400E9C46E /* Assets.xcassets in Resources */ = {isa = PBXBuildFile; fileRef = 5BAA74171E5A629400E9C46E /* Assets.xcassets */; };
		5BAA741B1E5A629400E9C46E /* LaunchScreen.storyboard in Resources */ = {isa = PBXBuildFile; fileRef = 5BAA74191E5A629400E9C46E /* LaunchScreen.storyboard */; };
		5BAA74261E5A629400E9C46E /* Tip_CalculatorTests.swift in Sources */ = {isa = PBXBuildFile; fileRef = 5BAA74251E5A629400E9C46E /* Tip_CalculatorTests.swift */; };
		5BAA74311E5A629400E9C46E /* Tip_CalculatorUITests.swift in Sources */ = {isa = PBXBuildFile; fileRef = 5BAA74301E5A629400E9C46E /* Tip_CalculatorUITests.swift */; };
/* End PBXBuildFile section */

/* Begin PBXContainerItemProxy section */
		5BAA74221E5A629400E9C46E /* PBXContainerItemProxy */ = {
			isa = PBXContainerItemProxy;
			containerPortal = 5BAA74051E5A629400E9C46E /* Project object */;
			proxyType = 1;
			remoteGlobalIDString = 5BAA740C1E5A629400E9C46E;
			remoteInfo = "Tip Calculator";
		};
		5BAA742D1E5A629400E9C46E /* PBXContainerItemProxy */ = {
			isa = PBXContainerItemProxy;
			containerPortal = 5BAA74051E5A629400E9C46E /* Project object */;
			proxyType = 1;
			remoteGlobalIDString = 5BAA740C1E5A629400E9C46E;
			remoteInfo = "Tip Calculator";
		};
/* End PBXContainerItemProxy section */

/* Begin PBXFileReference section */
		5BAA740D1E5A629400E9C46E /* Tip Calculator.app */ = {isa = PBXFileReference; explicitFileType = wrapper.application; includeInIndex = 0; path = "Tip Calculator.app"; sourceTree = BUILT_PRODUCTS_DIR; };
		5BAA74101E5A629400E9C46E /* AppDelegate.swift */ = {isa = PBXFileReference; lastKnownFileType = sourcecode.swift; path = AppDelegate.swift; sourceTree = "<group>"; };
		5BAA74121E5A629400E9C46E /* ViewController.swift */ = {isa = PBXFileReference; lastKnownFileType = sourcecode.swift; path = ViewController.swift; sourceTree = "<group>"; };
		5BAA74151E5A629400E9C46E /* Base */ = {isa = PBXFileReference; lastKnownFileType = file.storyboard; name = Base; path = Base.lproj/Main.storyboard; sourceTree = "<group>"; };
		5BAA74171E5A629400E9C46E /* Assets.xcassets */ = {isa = PBXFileReference; lastKnownFileType = folder.assetcatalog; path = Assets.xcassets; sourceTree = "<group>"; };
		5BAA741A1E5A629400E9C46E /* Base */ = {isa = PBXFileReference; lastKnownFileType = file.storyboard; name = Base; path = Base.lproj/LaunchScreen.storyboard; sourceTree = "<group>"; };
		5BAA741C1E5A629400E9C46E /* Info.plist */ = {isa = PBXFileReference; lastKnownFileType = text.plist.xml; path = Info.plist; sourceTree = "<group>"; };
		5BAA74211E5A629400E9C46E /* Tip CalculatorTests.xctest */ = {isa = PBXFileReference; explicitFileType = wrapper.cfbundle; includeInIndex = 0; path = "Tip CalculatorTests.xctest"; sourceTree = BUILT_PRODUCTS_DIR; };
		5BAA74251E5A629400E9C46E /* Tip_CalculatorTests.swift */ = {isa = PBXFileReference; lastKnownFileType = sourcecode.swift; path = Tip_CalculatorTests.swift; sourceTree = "<group>"; };
		5BAA74271E5A629400E9C46E /* Info.plist */ = {isa = PBXFileReference; lastKnownFileType = text.plist.xml; path = Info.plist; sourceTree = "<group>"; };
		5BAA742C1E5A629400E9C46E /* Tip CalculatorUITests.xctest */ = {isa = PBXFileReference; explicitFileType = wrapper.cfbundle; includeInIndex = 0; path = "Tip CalculatorUITests.xctest"; sourceTree = BUILT_PRODUCTS_DIR; };
		5BAA74301E5A629400E9C46E /* Tip_CalculatorUITests.swift */ = {isa = PBXFileReference; lastKnownFileType = sourcecode.swift; path = Tip_CalculatorUITests.swift; sourceTree = "<group>"; };
		5BAA74321E5A629400E9C46E /* Info.plist */ = {isa = PBXFileReference; lastKnownFileType = text.plist.xml; path = Info.plist; sourceTree = "<group>"; };
/* End PBXFileReference section */

/* Begin PBXFrameworksBuildPhase section */
		5BAA740A1E5A629400E9C46E /* Frameworks */ = {
			isa = PBXFrameworksBuildPhase;
			buildActionMask = 2147483647;
			files = (
			);
			runOnlyForDeploymentPostprocessing = 0;
		};
		5BAA741E1E5A629400E9C46E /* Frameworks */ = {
			isa = PBXFrameworksBuildPhase;
			buildActionMask = 2147483647;
			files = (
			);
			runOnlyForDeploymentPostprocessing = 0;
		};
		5BAA74291E5A629400E9C46E /* Frameworks */ = {
			isa = PBXFrameworksBuildPhase;
			buildActionMask = 2147483647;
			files = (
			);
			runOnlyForDeploymentPostprocessing = 0;
		};
/* End PBXFrameworksBuildPhase section */

/* Begin PBXGroup section */
		5BAA74041E5A629400E9C46E = {
			isa = PBXGroup;
			children = (
				5BAA740F1E5A629400E9C46E /* Tip Calculator */,
				5BAA74241E5A629400E9C46E /* Tip CalculatorTests */,
				5BAA742F1E5A629400E9C46E /* Tip CalculatorUITests */,
				5BAA740E1E5A629400E9C46E /* Products */,
			);
			sourceTree = "<group>";
		};
		5BAA740E1E5A629400E9C46E /* Products */ = {
			isa = PBXGroup;
			children = (
				5BAA740D1E5A629400E9C46E /* Tip Calculator.app */,
				5BAA74211E5A629400E9C46E /* Tip CalculatorTests.xctest */,
				5BAA742C1E5A629400E9C46E /* Tip CalculatorUITests.xctest */,
			);
			name = Products;
			sourceTree = "<group>";
		};
		5BAA740F1E5A629400E9C46E /* Tip Calculator */ = {
			isa = PBXGroup;
			children = (
				5BAA74101E5A629400E9C46E /* AppDelegate.swift */,
				5BAA74121E5A629400E9C46E /* ViewController.swift */,
				5BAA74141E5A629400E9C46E /* Main.storyboard */,
				5BAA74171E5A629400E9C46E /* Assets.xcassets */,
				5BAA74191E5A629400E9C46E /* LaunchScreen.storyboard */,
				5BAA741C1E5A629400E9C46E /* Info.plist */,
			);
			path = "Tip Calculator";
			sourceTree = "<group>";
		};
		5BAA74241E5A629400E9C46E /* Tip CalculatorTests */ = {
			isa = PBXGroup;
			children = (
				5BAA74251E5A629400E9C46E /* Tip_CalculatorTests.swift */,
				5BAA74271E5A629400E9C46E /* Info.plist */,
			);
			path = "Tip CalculatorTests";
			sourceTree = "<group>";
		};
		5BAA742F1E5A629400E9C46E /* Tip CalculatorUITests */ = {
			isa = PBXGroup;
			children = (
				5BAA74301E5A629400E9C46E /* Tip_CalculatorUITests.swift */,
				5BAA74321E5A629400E9C46E /* Info.plist */,
			);
			path = "Tip CalculatorUITests";
			sourceTree = "<group>";
		};
/* End PBXGroup section */

/* Begin PBXNativeTarget section */
		5BAA740C1E5A629400E9C46E /* Tip Calculator */ = {
			isa = PBXNativeTarget;
			buildConfigurationList = 5BAA74351E5A629400E9C46E /* Build configuration list for PBXNativeTarget "Tip Calculator" */;
			buildPhases = (
				5BAA74091E5A629400E9C46E /* Sources */,
				5BAA740A1E5A629400E9C46E /* Frameworks */,
				5BAA740B1E5A629400E9C46E /* Resources */,
			);
			buildRules = (
			);
			dependencies = (
			);
			name = "Tip Calculator";
			productName = "Tip Calculator";
			productReference = 5BAA740D1E5A629400E9C46E /* Tip Calculator.app */;
			productType = "com.apple.product-type.application";
		};
		5BAA74201E5A629400E9C46E /* Tip CalculatorTests */ = {
			isa = PBXNativeTarget;
			buildConfigurationList = 5BAA74381E5A629400E9C46E /* Build configuration list for PBXNativeTarget "Tip CalculatorTests" */;
			buildPhases = (
				5BAA741D1E5A629400E9C46E /* Sources */,
				5BAA741E1E5A629400E9C46E /* Frameworks */,
				5BAA741F1E5A629400E9C46E /* Resources */,
			);
			buildRules = (
			);
			dependencies = (
				5BAA74231E5A629400E9C46E /* PBXTargetDependency */,
			);
			name = "Tip CalculatorTests";
			productName = "Tip CalculatorTests";
			productReference = 5BAA74211E5A629400E9C46E /* Tip CalculatorTests.xctest */;
			productType = "com.apple.product-type.bundle.unit-test";
		};
		5BAA742B1E5A629400E9C46E /* Tip CalculatorUITests */ = {
			isa = PBXNativeTarget;
			buildConfigurationList = 5BAA743B1E5A629400E9C46E /* Build configuration list for PBXNativeTarget "Tip CalculatorUITests" */;
			buildPhases = (
				5BAA74281E5A629400E9C46E /* Sources */,
				5BAA74291E5A629400E9C46E /* Frameworks */,
				5BAA742A1E5A629400E9C46E /* Resources */,
			);
			buildRules = (
			);
			dependencies = (
				5BAA742E1E5A629400E9C46E /* PBXTargetDependency */,
			);
			name = "Tip CalculatorUITests";
			productName = "Tip CalculatorUITests";
			productReference = 5BAA742C1E5A629400E9C46E /* Tip CalculatorUITests.xctest */;
			productType = "com.apple.product-type.bundle.ui-testing";
		};
/* End PBXNativeTarget section */

/* Begin PBXProject section */
		5BAA74051E5A629400E9C46E /* Project object */ = {
			isa = PBXProject;
			attributes = {
				LastSwiftUpdateCheck = 0820;
				LastUpgradeCheck = 0820;
				ORGANIZATIONNAME = "Martin Sjoelin";
				TargetAttributes = {
					5BAA740C1E5A629400E9C46E = {
						CreatedOnToolsVersion = 8.2.1;
						DevelopmentTeam = SH8MS9K5DH;
						ProvisioningStyle = Automatic;
					};
					5BAA74201E5A629400E9C46E = {
						CreatedOnToolsVersion = 8.2.1;
						ProvisioningStyle = Automatic;
						TestTargetID = 5BAA740C1E5A629400E9C46E;
					};
					5BAA742B1E5A629400E9C46E = {
						CreatedOnToolsVersion = 8.2.1;
						ProvisioningStyle = Automatic;
						TestTargetID = 5BAA740C1E5A629400E9C46E;
					};
				};
			};
			buildConfigurationList = 5BAA74081E5A629400E9C46E /* Build configuration list for PBXProject "Tip Calculator" */;
			compatibilityVersion = "Xcode 3.2";
			developmentRegion = English;
			hasScannedForEncodings = 0;
			knownRegions = (
				en,
				Base,
			);
			mainGroup = 5BAA74041E5A629400E9C46E;
			productRefGroup = 5BAA740E1E5A629400E9C46E /* Products */;
			projectDirPath = "";
			projectRoot = "";
			targets = (
				5BAA740C1E5A629400E9C46E /* Tip Calculator */,
				5BAA74201E5A629400E9C46E /* Tip CalculatorTests */,
				5BAA742B1E5A629400E9C46E /* Tip CalculatorUITests */,
			);
		};
/* End PBXProject section */

/* Begin PBXResourcesBuildPhase section */
		5BAA740B1E5A629400E9C46E /* Resources */ = {
			isa = PBXResourcesBuildPhase;
			buildActionMask = 2147483647;
			files = (
				5BAA741B1E5A629400E9C46E /* LaunchScreen.storyboard in Resources */,
				5BAA74181E5A629400E9C46E /* Assets.xcassets in Resources */,
				5BAA74161E5A629400E9C46E /* Main.storyboard in Resources */,
			);
			runOnlyForDeploymentPostprocessing = 0;
		};
		5BAA741F1E5A629400E9C46E /* Resources */ = {
			isa = PBXResourcesBuildPhase;
			buildActionMask = 2147483647;
			files = (
			);
			runOnlyForDeploymentPostprocessing = 0;
		};
		5BAA742A1E5A629400E9C46E /* Resources */ = {
			isa = PBXResourcesBuildPhase;
			buildActionMask = 2147483647;
			files = (
			);
			runOnlyForDeploymentPostprocessing = 0;
		};
/* End PBXResourcesBuildPhase section */

/* Begin PBXSourcesBuildPhase section */
		5BAA74091E5A629400E9C46E /* Sources */ = {
			isa = PBXSourcesBuildPhase;
			buildActionMask = 2147483647;
			files = (
				5BAA74131E5A629400E9C46E /* ViewController.swift in Sources */,
				5BAA74111E5A629400E9C46E /* AppDelegate.swift in Sources */,
			);
			runOnlyForDeploymentPostprocessing = 0;
		};
		5BAA741D1E5A629400E9C46E /* Sources */ = {
			isa = PBXSourcesBuildPhase;
			buildActionMask = 2147483647;
			files = (
				5BAA74261E5A629400E9C46E /* Tip_CalculatorTests.swift in Sources */,
			);
			runOnlyForDeploymentPostprocessing = 0;
		};
		5BAA74281E5A629400E9C46E /* Sources */ = {
			isa = PBXSourcesBuildPhase;
			buildActionMask = 2147483647;
			files = (
				5BAA74311E5A629400E9C46E /* Tip_CalculatorUITests.swift in Sources */,
			);
			runOnlyForDeploymentPostprocessing = 0;
		};
/* End PBXSourcesBuildPhase section */

/* Begin PBXTargetDependency section */
		5BAA74231E5A629400E9C46E /* PBXTargetDependency */ = {
			isa = PBXTargetDependency;
			target = 5BAA740C1E5A629400E9C46E /* Tip Calculator */;
			targetProxy = 5BAA74221E5A629400E9C46E /* PBXContainerItemProxy */;
		};
		5BAA742E1E5A629400E9C46E /* PBXTargetDependency */ = {
			isa = PBXTargetDependency;
			target = 5BAA740C1E5A629400E9C46E /* Tip Calculator */;
			targetProxy = 5BAA742D1E5A629400E9C46E /* PBXContainerItemProxy */;
		};
/* End PBXTargetDependency section */

/* Begin PBXVariantGroup section */
		5BAA74141E5A629400E9C46E /* Main.storyboard */ = {
			isa = PBXVariantGroup;
			children = (
				5BAA74151E5A629400E9C46E /* Base */,
			);
			name = Main.storyboard;
			sourceTree = "<group>";
		};
		5BAA74191E5A629400E9C46E /* LaunchScreen.storyboard */ = {
			isa = PBXVariantGroup;
			children = (
				5BAA741A1E5A629400E9C46E /* Base */,
			);
			name = LaunchScreen.storyboard;
			sourceTree = "<group>";
		};
/* End PBXVariantGroup section */

/* Begin XCBuildConfiguration section */
		5BAA74331E5A629400E9C46E /* Debug */ = {
			isa = XCBuildConfiguration;
			buildSettings = {
				ALWAYS_SEARCH_USER_PATHS = NO;
				CLANG_ANALYZER_NONNULL = YES;
				CLANG_CXX_LANGUAGE_STANDARD = "gnu++0x";
				CLANG_CXX_LIBRARY = "libc++";
				CLANG_ENABLE_MODULES = YES;
				CLANG_ENABLE_OBJC_ARC = YES;
				CLANG_WARN_BOOL_CONVERSION = YES;
				CLANG_WARN_CONSTANT_CONVERSION = YES;
				CLANG_WARN_DIRECT_OBJC_ISA_USAGE = YES_ERROR;
				CLANG_WARN_DOCUMENTATION_COMMENTS = YES;
				CLANG_WARN_EMPTY_BODY = YES;
				CLANG_WARN_ENUM_CONVERSION = YES;
				CLANG_WARN_INFINITE_RECURSION = YES;
				CLANG_WARN_INT_CONVERSION = YES;
				CLANG_WARN_OBJC_ROOT_CLASS = YES_ERROR;
				CLANG_WARN_SUSPICIOUS_MOVE = YES;
				CLANG_WARN_UNREACHABLE_CODE = YES;
				CLANG_WARN__DUPLICATE_METHOD_MATCH = YES;
				"CODE_SIGN_IDENTITY[sdk=iphoneos*]" = "iPhone Developer";
				COPY_PHASE_STRIP = NO;
				DEBUG_INFORMATION_FORMAT = dwarf;
				ENABLE_STRICT_OBJC_MSGSEND = YES;
				ENABLE_TESTABILITY = YES;
				GCC_C_LANGUAGE_STANDARD = gnu99;
				GCC_DYNAMIC_NO_PIC = NO;
				GCC_NO_COMMON_BLOCKS = YES;
				GCC_OPTIMIZATION_LEVEL = 0;
				GCC_PREPROCESSOR_DEFINITIONS = (
					"DEBUG=1",
					"$(inherited)",
				);
				GCC_WARN_64_TO_32_BIT_CONVERSION = YES;
				GCC_WARN_ABOUT_RETURN_TYPE = YES_ERROR;
				GCC_WARN_UNDECLARED_SELECTOR = YES;
				GCC_WARN_UNINITIALIZED_AUTOS = YES_AGGRESSIVE;
				GCC_WARN_UNUSED_FUNCTION = YES;
				GCC_WARN_UNUSED_VARIABLE = YES;
				IPHONEOS_DEPLOYMENT_TARGET = 10.2;
				MTL_ENABLE_DEBUG_INFO = YES;
				ONLY_ACTIVE_ARCH = YES;
				SDKROOT = iphoneos;
				SWIFT_ACTIVE_COMPILATION_CONDITIONS = DEBUG;
				SWIFT_OPTIMIZATION_LEVEL = "-Onone";
			};
			name = Debug;
		};
		5BAA74341E5A629400E9C46E /* Release */ = {
			isa = XCBuildConfiguration;
			buildSettings = {
				ALWAYS_SEARCH_USER_PATHS = NO;
				CLANG_ANALYZER_NONNULL = YES;
				CLANG_CXX_LANGUAGE_STANDARD = "gnu++0x";
				CLANG_CXX_LIBRARY = "libc++";
				CLANG_ENABLE_MODULES = YES;
				CLANG_ENABLE_OBJC_ARC = YES;
				CLANG_WARN_BOOL_CONVERSION = YES;
				CLANG_WARN_CONSTANT_CONVERSION = YES;
				CLANG_WARN_DIRECT_OBJC_ISA_USAGE = YES_ERROR;
				CLANG_WARN_DOCUMENTATION_COMMENTS = YES;
				CLANG_WARN_EMPTY_BODY = YES;
				CLANG_WARN_ENUM_CONVERSION = YES;
				CLANG_WARN_INFINITE_RECURSION = YES;
				CLANG_WARN_INT_CONVERSION = YES;
				CLANG_WARN_OBJC_ROOT_CLASS = YES_ERROR;
				CLANG_WARN_SUSPICIOUS_MOVE = YES;
				CLANG_WARN_UNREACHABLE_CODE = YES;
				CLANG_WARN__DUPLICATE_METHOD_MATCH = YES;
				"CODE_SIGN_IDENTITY[sdk=iphoneos*]" = "iPhone Developer";
				COPY_PHASE_STRIP = NO;
				DEBUG_INFORMATION_FORMAT = "dwarf-with-dsym";
				ENABLE_NS_ASSERTIONS = NO;
				ENABLE_STRICT_OBJC_MSGSEND = YES;
				GCC_C_LANGUAGE_STANDARD = gnu99;
				GCC_NO_COMMON_BLOCKS = YES;
				GCC_WARN_64_TO_32_BIT_CONVERSION = YES;
				GCC_WARN_ABOUT_RETURN_TYPE = YES_ERROR;
				GCC_WARN_UNDECLARED_SELECTOR = YES;
				GCC_WARN_UNINITIALIZED_AUTOS = YES_AGGRESSIVE;
				GCC_WARN_UNUSED_FUNCTION = YES;
				GCC_WARN_UNUSED_VARIABLE = YES;
				IPHONEOS_DEPLOYMENT_TARGET = 10.2;
				MTL_ENABLE_DEBUG_INFO = NO;
				SDKROOT = iphoneos;
				SWIFT_OPTIMIZATION_LEVEL = "-Owholemodule";
				VALIDATE_PRODUCT = YES;
			};
			name = Release;
		};
		5BAA74361E5A629400E9C46E /* Debug */ = {
			isa = XCBuildConfiguration;
			buildSettings = {
				ASSETCATALOG_COMPILER_APPICON_NAME = AppIcon;
				DEVELOPMENT_TEAM = SH8MS9K5DH;
				INFOPLIST_FILE = "Tip Calculator/Info.plist";
				LD_RUNPATH_SEARCH_PATHS = "$(inherited) @executable_path/Frameworks";
				PRODUCT_BUNDLE_IDENTIFIER = com.sjolin.martin.TipCalculator;
				PRODUCT_NAME = "$(TARGET_NAME)";
				SWIFT_VERSION = 3.0;
			};
			name = Debug;
		};
		5BAA74371E5A629400E9C46E /* Release */ = {
			isa = XCBuildConfiguration;
			buildSettings = {
				ASSETCATALOG_COMPILER_APPICON_NAME = AppIcon;
				DEVELOPMENT_TEAM = SH8MS9K5DH;
				INFOPLIST_FILE = "Tip Calculator/Info.plist";
				LD_RUNPATH_SEARCH_PATHS = "$(inherited) @executable_path/Frameworks";
				PRODUCT_BUNDLE_IDENTIFIER = com.sjolin.martin.TipCalculator;
				PRODUCT_NAME = "$(TARGET_NAME)";
				SWIFT_VERSION = 3.0;
			};
			name = Release;
		};
		5BAA74391E5A629400E9C46E /* Debug */ = {
			isa = XCBuildConfiguration;
			buildSettings = {
				ALWAYS_EMBED_SWIFT_STANDARD_LIBRARIES = YES;
				BUNDLE_LOADER = "$(TEST_HOST)";
				INFOPLIST_FILE = "Tip CalculatorTests/Info.plist";
				LD_RUNPATH_SEARCH_PATHS = "$(inherited) @executable_path/Frameworks @loader_path/Frameworks";
				PRODUCT_BUNDLE_IDENTIFIER = "com.sjolin.martin.Tip-CalculatorTests";
				PRODUCT_NAME = "$(TARGET_NAME)";
				SWIFT_VERSION = 3.0;
				TEST_HOST = "$(BUILT_PRODUCTS_DIR)/Tip Calculator.app/Tip Calculator";
			};
			name = Debug;
		};
		5BAA743A1E5A629400E9C46E /* Release */ = {
			isa = XCBuildConfiguration;
			buildSettings = {
				ALWAYS_EMBED_SWIFT_STANDARD_LIBRARIES = YES;
				BUNDLE_LOADER = "$(TEST_HOST)";
				INFOPLIST_FILE = "Tip CalculatorTests/Info.plist";
				LD_RUNPATH_SEARCH_PATHS = "$(inherited) @executable_path/Frameworks @loader_path/Frameworks";
				PRODUCT_BUNDLE_IDENTIFIER = "com.sjolin.martin.Tip-CalculatorTests";
				PRODUCT_NAME = "$(TARGET_NAME)";
				SWIFT_VERSION = 3.0;
				TEST_HOST = "$(BUILT_PRODUCTS_DIR)/Tip Calculator.app/Tip Calculator";
			};
			name = Release;
		};
		5BAA743C1E5A629400E9C46E /* Debug */ = {
			isa = XCBuildConfiguration;
			buildSettings = {
				ALWAYS_EMBED_SWIFT_STANDARD_LIBRARIES = YES;
				INFOPLIST_FILE = "Tip CalculatorUITests/Info.plist";
				LD_RUNPATH_SEARCH_PATHS = "$(inherited) @executable_path/Frameworks @loader_path/Frameworks";
				PRODUCT_BUNDLE_IDENTIFIER = "com.sjolin.martin.Tip-CalculatorUITests";
				PRODUCT_NAME = "$(TARGET_NAME)";
				SWIFT_VERSION = 3.0;
				TEST_TARGET_NAME = "Tip Calculator";
			};
			name = Debug;
		};
		5BAA743D1E5A629400E9C46E /* Release */ = {
			isa = XCBuildConfiguration;
			buildSettings = {
				ALWAYS_EMBED_SWIFT_STANDARD_LIBRARIES = YES;
				INFOPLIST_FILE = "Tip CalculatorUITests/Info.plist";
				LD_RUNPATH_SEARCH_PATHS = "$(inherited) @executable_path/Frameworks @loader_path/Frameworks";
				PRODUCT_BUNDLE_IDENTIFIER = "com.sjolin.martin.Tip-CalculatorUITests";
				PRODUCT_NAME = "$(TARGET_NAME)";
				SWIFT_VERSION = 3.0;
				TEST_TARGET_NAME = "Tip Calculator";
			};
			name = Release;
		};
/* End XCBuildConfiguration section */

/* Begin XCConfigurationList section */
		5BAA74081E5A629400E9C46E /* Build configuration list for PBXProject "Tip Calculator" */ = {
			isa = XCConfigurationList;
			buildConfigurations = (
				5BAA74331E5A629400E9C46E /* Debug */,
				5BAA74341E5A629400E9C46E /* Release */,
			);
			defaultConfigurationIsVisible = 0;
			defaultConfigurationName = Release;
		};
		5BAA74351E5A629400E9C46E /* Build configuration list for PBXNativeTarget "Tip Calculator" */ = {
			isa = XCConfigurationList;
			buildConfigurations = (
				5BAA74361E5A629400E9C46E /* Debug */,
				5BAA74371E5A629400E9C46E /* Release */,
			);
			defaultConfigurationIsVisible = 0;
		};
		5BAA74381E5A629400E9C46E /* Build configuration list for PBXNativeTarget "Tip CalculatorTests" */ = {
			isa = XCConfigurationList;
			buildConfigurations = (
				5BAA74391E5A629400E9C46E /* Debug */,
				5BAA743A1E5A629400E9C46E /* Release */,
			);
			defaultConfigurationIsVisible = 0;
		};
		5BAA743B1E5A629400E9C46E /* Build configuration list for PBXNativeTarget "Tip CalculatorUITests" */ = {
			isa = XCConfigurationList;
			buildConfigurations = (
				5BAA743C1E5A629400E9C46E /* Debug */,
				5BAA743D1E5A629400E9C46E /* Release */,
			);
			defaultConfigurationIsVisible = 0;
		};
/* End XCConfigurationList section */
	};
	rootObject = 5BAA74051E5A629400E9C46E /* Project object */;
}
